
Microsoft Visual Studio Solution File, Format Version 12.00
# Visual Studio Version 17
VisualStudioVersion = 17.2.32526.322
MinimumVisualStudioVersion = 10.0.40219.1
Project("{FAE04EC0-301F-11D3-BF4B-00C04F79EFBC}") = "ADDON_PARAFLU", "ADDON_PARAFLU.csproj", "{C4264FB9-E84B-42A8-AA3C-A10757DDE297}"
EndProject
Global
	GlobalSection(SolutionConfigurationPlatforms) = preSolution
		Debug|Any CPU = Debug|Any CPU
		Release|Any CPU = Release|Any CPU
	EndGlobalSection
	GlobalSection(ProjectConfigurationPlatforms) = postSolution
		{C4264FB9-E84B-42A8-AA3C-A10757DDE297}.Debug|Any CPU.ActiveCfg = Debug|Any CPU
		{C4264FB9-E84B-42A8-AA3C-A10757DDE297}.Debug|Any CPU.Build.0 = Debug|Any CPU
		{C4264FB9-E84B-42A8-AA3C-A10757DDE297}.Release|Any CPU.ActiveCfg = Release|Any CPU
		{C4264FB9-E84B-42A8-AA3C-A10757DDE297}.Release|Any CPU.Build.0 = Release|Any CPU
	EndGlobalSection
	GlobalSection(SolutionProperties) = preSolution
		HideSolutionNode = FALSE
	EndGlobalSection
	GlobalSection(ExtensibilityGlobals) = postSolution
		SolutionGuid = {1FE9BA29-6302-4F78-AC96-9B3F5DCB29F8}
	EndGlobalSection
EndGlobal
